// !$*UTF8*$!
{
	archiveVersion = 1;
	classes = {
	};
	objectVersion = 46;
	objects = {

/* Begin PBXBuildFile section */
		65110D721ABF57E00059C7F2 /* AbstractActionSheetPicker.m in Sources */ = {isa = PBXBuildFile; fileRef = 65110D611ABF57E00059C7F2 /* AbstractActionSheetPicker.m */; };
		65110D731ABF57E00059C7F2 /* ActionSheetCustomPicker.m in Sources */ = {isa = PBXBuildFile; fileRef = 65110D631ABF57E00059C7F2 /* ActionSheetCustomPicker.m */; };
		65110D741ABF57E00059C7F2 /* ActionSheetDatePicker.m in Sources */ = {isa = PBXBuildFile; fileRef = 65110D661ABF57E00059C7F2 /* ActionSheetDatePicker.m */; };
		65110D751ABF57E00059C7F2 /* ActionSheetDistancePicker.m in Sources */ = {isa = PBXBuildFile; fileRef = 65110D681ABF57E00059C7F2 /* ActionSheetDistancePicker.m */; };
		65110D761ABF57E00059C7F2 /* ActionSheetLocalePicker.m in Sources */ = {isa = PBXBuildFile; fileRef = 65110D6A1ABF57E00059C7F2 /* ActionSheetLocalePicker.m */; };
		65110D771ABF57E00059C7F2 /* ActionSheetStringPicker.m in Sources */ = {isa = PBXBuildFile; fileRef = 65110D6D1ABF57E00059C7F2 /* ActionSheetStringPicker.m */; };
		65110D781ABF57E00059C7F2 /* DistancePickerView.m in Sources */ = {isa = PBXBuildFile; fileRef = 65110D6F1ABF57E00059C7F2 /* DistancePickerView.m */; };
		65110D791ABF57E00059C7F2 /* SWActionSheet.m in Sources */ = {isa = PBXBuildFile; fileRef = 65110D711ABF57E00059C7F2 /* SWActionSheet.m */; };
		65110D7C1ABF75630059C7F2 /* BillTableCell.m in Sources */ = {isa = PBXBuildFile; fileRef = 65110D7B1ABF75630059C7F2 /* BillTableCell.m */; };
		65110D7E1ABFA8090059C7F2 /* upload_group_picture.png in Resources */ = {isa = PBXBuildFile; fileRef = 65110D7D1ABFA8090059C7F2 /* upload_group_picture.png */; };
		65110D801ABFA8110059C7F2 /* upload_bill_picture.png in Resources */ = {isa = PBXBuildFile; fileRef = 65110D7F1ABFA8110059C7F2 /* upload_bill_picture.png */; };
		6532B8B91ABCDC9C00800793 /* bill_standard.jpg in Resources */ = {isa = PBXBuildFile; fileRef = 6532B8B81ABCDC9C00800793 /* bill_standard.jpg */; };
		6571BDB61AC3087E0004797E /* Currency.m in Sources */ = {isa = PBXBuildFile; fileRef = 6571BDB51AC3087E0004797E /* Currency.m */; };
		6584726B1AB5807D00231F48 /* FacebookSDK.framework in Frameworks */ = {isa = PBXBuildFile; fileRef = 6584726A1AB5807D00231F48 /* FacebookSDK.framework */; };
		F90659E41A679D770043AD9A /* profile_standard.jpg in Resources */ = {isa = PBXBuildFile; fileRef = F90659E31A679D770043AD9A /* profile_standard.jpg */; };
		F90659E71A68129E0043AD9A /* GroupTableCell.m in Sources */ = {isa = PBXBuildFile; fileRef = F90659E61A68129E0043AD9A /* GroupTableCell.m */; };
		F925079F1A4C9281002927B3 /* HomeTableViewController.m in Sources */ = {isa = PBXBuildFile; fileRef = F925079E1A4C9281002927B3 /* HomeTableViewController.m */; };
		F92507A11A4D447B002927B3 /* header.png in Resources */ = {isa = PBXBuildFile; fileRef = F92507A01A4D447B002927B3 /* header.png */; };
		F930A79D1A6B7A7500EF7978 /* FBFriend.m in Sources */ = {isa = PBXBuildFile; fileRef = F930A79C1A6B7A7500EF7978 /* FBFriend.m */; };
		F930A79F1A6B8B3100EF7978 /* add_member.png in Resources */ = {isa = PBXBuildFile; fileRef = F930A79E1A6B8B3100EF7978 /* add_member.png */; };
		F930A7A21A6B9B7300EF7978 /* FBFriendTableViewController.m in Sources */ = {isa = PBXBuildFile; fileRef = F930A7A11A6B9B7300EF7978 /* FBFriendTableViewController.m */; };
		F93E08931A4E1BC900A6F6F4 /* TabBarController.m in Sources */ = {isa = PBXBuildFile; fileRef = F93E08921A4E1BC900A6F6F4 /* TabBarController.m */; };
		F96F700D1A4F70D600D800C4 /* Group.m in Sources */ = {isa = PBXBuildFile; fileRef = F96F700C1A4F70D600D800C4 /* Group.m */; };
		F977BBCF1A53ACBF0039A132 /* HomeTableCell.m in Sources */ = {isa = PBXBuildFile; fileRef = F977BBCE1A53ACBF0039A132 /* HomeTableCell.m */; };
		F977BBD91A5686770039A132 /* green.png in Resources */ = {isa = PBXBuildFile; fileRef = F977BBD81A5686770039A132 /* green.png */; };
		F97B63C11A58E7DC00707719 /* MBProgressHUD.m in Sources */ = {isa = PBXBuildFile; fileRef = F97B63C01A58E7DC00707719 /* MBProgressHUD.m */; };
		F97B63C61A592E5C00707719 /* Bill.m in Sources */ = {isa = PBXBuildFile; fileRef = F97B63C51A592E5C00707719 /* Bill.m */; };
		F97B63C91A593BBC00707719 /* WebService.m in Sources */ = {isa = PBXBuildFile; fileRef = F97B63C81A593BBC00707719 /* WebService.m */; };
		F97B63CB1A5A786700707719 /* red.png in Resources */ = {isa = PBXBuildFile; fileRef = F97B63CA1A5A786700707719 /* red.png */; };
		F97B63CE1A5A7A2500707719 /* ConfigurationViewController.m in Sources */ = {isa = PBXBuildFile; fileRef = F97B63CD1A5A7A2500707719 /* ConfigurationViewController.m */; };
		F97B63D01A5B2AED00707719 /* gray.png in Resources */ = {isa = PBXBuildFile; fileRef = F97B63CF1A5B2AED00707719 /* gray.png */; };
		F97B63D21A5B4A5D00707719 /* website_link.png in Resources */ = {isa = PBXBuildFile; fileRef = F97B63D11A5B4A5D00707719 /* website_link.png */; };
		F980DC861A4F57C8009C11C8 /* ConnectFailViewController.m in Sources */ = {isa = PBXBuildFile; fileRef = F980DC851A4F57C8009C11C8 /* ConnectFailViewController.m */; };
		F98D69CA1A608BC10099FB13 /* tryagain_button.jpg in Resources */ = {isa = PBXBuildFile; fileRef = F98D69C91A608BC10099FB13 /* tryagain_button.jpg */; };
		F98D69DC1A60A9A00099FB13 /* newbill.png in Resources */ = {isa = PBXBuildFile; fileRef = F98D69DA1A60A9A00099FB13 /* newbill.png */; };
		F98D69DD1A60A9A00099FB13 /* newbill_selected.png in Resources */ = {isa = PBXBuildFile; fileRef = F98D69DB1A60A9A00099FB13 /* newbill_selected.png */; };
		F98D69E01A60A9BD0099FB13 /* newgroup.png in Resources */ = {isa = PBXBuildFile; fileRef = F98D69DE1A60A9BD0099FB13 /* newgroup.png */; };
		F98D69E11A60A9BD0099FB13 /* newgroup_selected.png in Resources */ = {isa = PBXBuildFile; fileRef = F98D69DF1A60A9BD0099FB13 /* newgroup_selected.png */; };
		F98D69E61A60AA520099FB13 /* configuration.png in Resources */ = {isa = PBXBuildFile; fileRef = F98D69E21A60AA520099FB13 /* configuration.png */; };
		F98D69E71A60AA520099FB13 /* configuration_selected.png in Resources */ = {isa = PBXBuildFile; fileRef = F98D69E31A60AA520099FB13 /* configuration_selected.png */; };
		F98D69E81A60AA520099FB13 /* home.png in Resources */ = {isa = PBXBuildFile; fileRef = F98D69E41A60AA520099FB13 /* home.png */; };
		F98D69E91A60AA520099FB13 /* home_selected.png in Resources */ = {isa = PBXBuildFile; fileRef = F98D69E51A60AA520099FB13 /* home_selected.png */; };
		F98E9A1C1A4A2F0600279FB0 /* User.m in Sources */ = {isa = PBXBuildFile; fileRef = F98E9A1B1A4A2F0600279FB0 /* User.m */; };
		F98E9A1F1A4A49B800279FB0 /* Settings.m in Sources */ = {isa = PBXBuildFile; fileRef = F98E9A1E1A4A49B800279FB0 /* Settings.m */; };
		F9B4614E1A5F5C690096D4C1 /* GroupViewController.m in Sources */ = {isa = PBXBuildFile; fileRef = F9B4614D1A5F5C690096D4C1 /* GroupViewController.m */; };
		F9C644F51A77788E000EF59D /* NSString+FormValidation.m in Sources */ = {isa = PBXBuildFile; fileRef = F9C644F41A77788E000EF59D /* NSString+FormValidation.m */; };
		F9CE4CB91A48CB5C00D9EB50 /* main.m in Sources */ = {isa = PBXBuildFile; fileRef = F9CE4CB81A48CB5C00D9EB50 /* main.m */; };
		F9CE4CC41A48CB5C00D9EB50 /* Images.xcassets in Resources */ = {isa = PBXBuildFile; fileRef = F9CE4CC31A48CB5C00D9EB50 /* Images.xcassets */; };
		F9CE4CD31A48CB5C00D9EB50 /* MosesTests.m in Sources */ = {isa = PBXBuildFile; fileRef = F9CE4CD21A48CB5C00D9EB50 /* MosesTests.m */; };
		F9CE4CE81A48CCA200D9EB50 /* AppDelegate.m in Sources */ = {isa = PBXBuildFile; fileRef = F9CE4CE11A48CCA200D9EB50 /* AppDelegate.m */; };
		F9CE4CE91A48CCA200D9EB50 /* FBLoginViewController.m in Sources */ = {isa = PBXBuildFile; fileRef = F9CE4CE31A48CCA200D9EB50 /* FBLoginViewController.m */; };
		F9CE4CEA1A48CCA200D9EB50 /* PageContentViewController.m in Sources */ = {isa = PBXBuildFile; fileRef = F9CE4CE51A48CCA200D9EB50 /* PageContentViewController.m */; };
		F9CE4D111A48CE0E00D9EB50 /* Main.storyboard in Resources */ = {isa = PBXBuildFile; fileRef = F9CE4D101A48CE0E00D9EB50 /* Main.storyboard */; };
		F9CE4D161A48E62B00D9EB50 /* screen_login_iphone01.png in Resources */ = {isa = PBXBuildFile; fileRef = F9CE4D131A48E62B00D9EB50 /* screen_login_iphone01.png */; };
		F9CE4D171A48E62B00D9EB50 /* screen_login_iphone02.png in Resources */ = {isa = PBXBuildFile; fileRef = F9CE4D141A48E62B00D9EB50 /* screen_login_iphone02.png */; };
		F9CE4D181A48E62B00D9EB50 /* screen_login_iphone03.png in Resources */ = {isa = PBXBuildFile; fileRef = F9CE4D151A48E62B00D9EB50 /* screen_login_iphone03.png */; };
		F9CE4D1A1A48EA6E00D9EB50 /* logo.png in Resources */ = {isa = PBXBuildFile; fileRef = F9CE4D191A48EA6E00D9EB50 /* logo.png */; };
		F9D078861A6334A800A6C221 /* BillViewController.m in Sources */ = {isa = PBXBuildFile; fileRef = F9D078851A6334A800A6C221 /* BillViewController.m */; };
		F9F7B2231A6C336200994F22 /* FBFriendTableCell.m in Sources */ = {isa = PBXBuildFile; fileRef = F9F7B2221A6C336200994F22 /* FBFriendTableCell.m */; };
/* End PBXBuildFile section */

/* Begin PBXContainerItemProxy section */
		F9CE4CCD1A48CB5C00D9EB50 /* PBXContainerItemProxy */ = {
			isa = PBXContainerItemProxy;
			containerPortal = F9CE4CAB1A48CB5C00D9EB50 /* Project object */;
			proxyType = 1;
			remoteGlobalIDString = F9CE4CB21A48CB5C00D9EB50;
			remoteInfo = Moses;
		};
/* End PBXContainerItemProxy section */

/* Begin PBXFileReference section */
		65110D601ABF57E00059C7F2 /* AbstractActionSheetPicker.h */ = {isa = PBXFileReference; fileEncoding = 4; lastKnownFileType = sourcecode.c.h; path = AbstractActionSheetPicker.h; sourceTree = "<group>"; };
		65110D611ABF57E00059C7F2 /* AbstractActionSheetPicker.m */ = {isa = PBXFileReference; fileEncoding = 4; lastKnownFileType = sourcecode.c.objc; path = AbstractActionSheetPicker.m; sourceTree = "<group>"; };
		65110D621ABF57E00059C7F2 /* ActionSheetCustomPicker.h */ = {isa = PBXFileReference; fileEncoding = 4; lastKnownFileType = sourcecode.c.h; path = ActionSheetCustomPicker.h; sourceTree = "<group>"; };
		65110D631ABF57E00059C7F2 /* ActionSheetCustomPicker.m */ = {isa = PBXFileReference; fileEncoding = 4; lastKnownFileType = sourcecode.c.objc; path = ActionSheetCustomPicker.m; sourceTree = "<group>"; };
		65110D641ABF57E00059C7F2 /* ActionSheetCustomPickerDelegate.h */ = {isa = PBXFileReference; fileEncoding = 4; lastKnownFileType = sourcecode.c.h; path = ActionSheetCustomPickerDelegate.h; sourceTree = "<group>"; };
		65110D651ABF57E00059C7F2 /* ActionSheetDatePicker.h */ = {isa = PBXFileReference; fileEncoding = 4; lastKnownFileType = sourcecode.c.h; path = ActionSheetDatePicker.h; sourceTree = "<group>"; };
		65110D661ABF57E00059C7F2 /* ActionSheetDatePicker.m */ = {isa = PBXFileReference; fileEncoding = 4; lastKnownFileType = sourcecode.c.objc; path = ActionSheetDatePicker.m; sourceTree = "<group>"; };
		65110D671ABF57E00059C7F2 /* ActionSheetDistancePicker.h */ = {isa = PBXFileReference; fileEncoding = 4; lastKnownFileType = sourcecode.c.h; path = ActionSheetDistancePicker.h; sourceTree = "<group>"; };
		65110D681ABF57E00059C7F2 /* ActionSheetDistancePicker.m */ = {isa = PBXFileReference; fileEncoding = 4; lastKnownFileType = sourcecode.c.objc; path = ActionSheetDistancePicker.m; sourceTree = "<group>"; };
		65110D691ABF57E00059C7F2 /* ActionSheetLocalePicker.h */ = {isa = PBXFileReference; fileEncoding = 4; lastKnownFileType = sourcecode.c.h; path = ActionSheetLocalePicker.h; sourceTree = "<group>"; };
		65110D6A1ABF57E00059C7F2 /* ActionSheetLocalePicker.m */ = {isa = PBXFileReference; fileEncoding = 4; lastKnownFileType = sourcecode.c.objc; path = ActionSheetLocalePicker.m; sourceTree = "<group>"; };
		65110D6B1ABF57E00059C7F2 /* ActionSheetPicker.h */ = {isa = PBXFileReference; fileEncoding = 4; lastKnownFileType = sourcecode.c.h; path = ActionSheetPicker.h; sourceTree = "<group>"; };
		65110D6C1ABF57E00059C7F2 /* ActionSheetStringPicker.h */ = {isa = PBXFileReference; fileEncoding = 4; lastKnownFileType = sourcecode.c.h; path = ActionSheetStringPicker.h; sourceTree = "<group>"; };
		65110D6D1ABF57E00059C7F2 /* ActionSheetStringPicker.m */ = {isa = PBXFileReference; fileEncoding = 4; lastKnownFileType = sourcecode.c.objc; path = ActionSheetStringPicker.m; sourceTree = "<group>"; };
		65110D6E1ABF57E00059C7F2 /* DistancePickerView.h */ = {isa = PBXFileReference; fileEncoding = 4; lastKnownFileType = sourcecode.c.h; path = DistancePickerView.h; sourceTree = "<group>"; };
		65110D6F1ABF57E00059C7F2 /* DistancePickerView.m */ = {isa = PBXFileReference; fileEncoding = 4; lastKnownFileType = sourcecode.c.objc; path = DistancePickerView.m; sourceTree = "<group>"; };
		65110D701ABF57E00059C7F2 /* SWActionSheet.h */ = {isa = PBXFileReference; fileEncoding = 4; lastKnownFileType = sourcecode.c.h; path = SWActionSheet.h; sourceTree = "<group>"; };
		65110D711ABF57E00059C7F2 /* SWActionSheet.m */ = {isa = PBXFileReference; fileEncoding = 4; lastKnownFileType = sourcecode.c.objc; path = SWActionSheet.m; sourceTree = "<group>"; };
		65110D7A1ABF75630059C7F2 /* BillTableCell.h */ = {isa = PBXFileReference; fileEncoding = 4; lastKnownFileType = sourcecode.c.h; path = BillTableCell.h; sourceTree = "<group>"; };
		65110D7B1ABF75630059C7F2 /* BillTableCell.m */ = {isa = PBXFileReference; fileEncoding = 4; lastKnownFileType = sourcecode.c.objc; path = BillTableCell.m; sourceTree = "<group>"; };
		65110D7D1ABFA8090059C7F2 /* upload_group_picture.png */ = {isa = PBXFileReference; lastKnownFileType = image.png; path = upload_group_picture.png; sourceTree = "<group>"; };
		65110D7F1ABFA8110059C7F2 /* upload_bill_picture.png */ = {isa = PBXFileReference; lastKnownFileType = image.png; path = upload_bill_picture.png; sourceTree = "<group>"; };
		6532B8B81ABCDC9C00800793 /* bill_standard.jpg */ = {isa = PBXFileReference; lastKnownFileType = image.jpeg; path = bill_standard.jpg; sourceTree = "<group>"; };
		6571BDB41AC3087E0004797E /* Currency.h */ = {isa = PBXFileReference; fileEncoding = 4; lastKnownFileType = sourcecode.c.h; path = Currency.h; sourceTree = "<group>"; };
		6571BDB51AC3087E0004797E /* Currency.m */ = {isa = PBXFileReference; fileEncoding = 4; lastKnownFileType = sourcecode.c.objc; path = Currency.m; sourceTree = "<group>"; };
		6584726A1AB5807D00231F48 /* FacebookSDK.framework */ = {isa = PBXFileReference; lastKnownFileType = wrapper.framework; name = FacebookSDK.framework; path = ../../../Documents/FacebookSDK/FacebookSDK.framework; sourceTree = "<group>"; };
		F90659E31A679D770043AD9A /* profile_standard.jpg */ = {isa = PBXFileReference; lastKnownFileType = image.jpeg; path = profile_standard.jpg; sourceTree = "<group>"; };
		F90659E51A68129E0043AD9A /* GroupTableCell.h */ = {isa = PBXFileReference; fileEncoding = 4; lastKnownFileType = sourcecode.c.h; path = GroupTableCell.h; sourceTree = "<group>"; };
		F90659E61A68129E0043AD9A /* GroupTableCell.m */ = {isa = PBXFileReference; fileEncoding = 4; lastKnownFileType = sourcecode.c.objc; path = GroupTableCell.m; sourceTree = "<group>"; };
		F925079D1A4C9281002927B3 /* HomeTableViewController.h */ = {isa = PBXFileReference; fileEncoding = 4; lastKnownFileType = sourcecode.c.h; path = HomeTableViewController.h; sourceTree = "<group>"; };
		F925079E1A4C9281002927B3 /* HomeTableViewController.m */ = {isa = PBXFileReference; fileEncoding = 4; lastKnownFileType = sourcecode.c.objc; path = HomeTableViewController.m; sourceTree = "<group>"; };
		F92507A01A4D447B002927B3 /* header.png */ = {isa = PBXFileReference; lastKnownFileType = image.png; path = header.png; sourceTree = "<group>"; };
		F930A79B1A6B7A7500EF7978 /* FBFriend.h */ = {isa = PBXFileReference; fileEncoding = 4; lastKnownFileType = sourcecode.c.h; path = FBFriend.h; sourceTree = "<group>"; };
		F930A79C1A6B7A7500EF7978 /* FBFriend.m */ = {isa = PBXFileReference; fileEncoding = 4; lastKnownFileType = sourcecode.c.objc; path = FBFriend.m; sourceTree = "<group>"; };
		F930A79E1A6B8B3100EF7978 /* add_member.png */ = {isa = PBXFileReference; lastKnownFileType = image.png; path = add_member.png; sourceTree = "<group>"; };
		F930A7A01A6B9B7300EF7978 /* FBFriendTableViewController.h */ = {isa = PBXFileReference; fileEncoding = 4; lastKnownFileType = sourcecode.c.h; path = FBFriendTableViewController.h; sourceTree = "<group>"; };
		F930A7A11A6B9B7300EF7978 /* FBFriendTableViewController.m */ = {isa = PBXFileReference; fileEncoding = 4; lastKnownFileType = sourcecode.c.objc; path = FBFriendTableViewController.m; sourceTree = "<group>"; };
		F93E08911A4E1BC900A6F6F4 /* TabBarController.h */ = {isa = PBXFileReference; fileEncoding = 4; lastKnownFileType = sourcecode.c.h; path = TabBarController.h; sourceTree = "<group>"; };
		F93E08921A4E1BC900A6F6F4 /* TabBarController.m */ = {isa = PBXFileReference; fileEncoding = 4; lastKnownFileType = sourcecode.c.objc; path = TabBarController.m; sourceTree = "<group>"; };
		F96F700B1A4F70D600D800C4 /* Group.h */ = {isa = PBXFileReference; fileEncoding = 4; lastKnownFileType = sourcecode.c.h; path = Group.h; sourceTree = "<group>"; };
		F96F700C1A4F70D600D800C4 /* Group.m */ = {isa = PBXFileReference; fileEncoding = 4; lastKnownFileType = sourcecode.c.objc; path = Group.m; sourceTree = "<group>"; };
		F977BBCD1A53ACBF0039A132 /* HomeTableCell.h */ = {isa = PBXFileReference; fileEncoding = 4; lastKnownFileType = sourcecode.c.h; path = HomeTableCell.h; sourceTree = "<group>"; };
		F977BBCE1A53ACBF0039A132 /* HomeTableCell.m */ = {isa = PBXFileReference; fileEncoding = 4; lastKnownFileType = sourcecode.c.objc; path = HomeTableCell.m; sourceTree = "<group>"; };
		F977BBD81A5686770039A132 /* green.png */ = {isa = PBXFileReference; lastKnownFileType = image.png; path = green.png; sourceTree = "<group>"; };
		F97B63BF1A58E7DC00707719 /* MBProgressHUD.h */ = {isa = PBXFileReference; fileEncoding = 4; lastKnownFileType = sourcecode.c.h; path = MBProgressHUD.h; sourceTree = "<group>"; };
		F97B63C01A58E7DC00707719 /* MBProgressHUD.m */ = {isa = PBXFileReference; fileEncoding = 4; lastKnownFileType = sourcecode.c.objc; path = MBProgressHUD.m; sourceTree = "<group>"; };
		F97B63C41A592E5C00707719 /* Bill.h */ = {isa = PBXFileReference; fileEncoding = 4; lastKnownFileType = sourcecode.c.h; path = Bill.h; sourceTree = "<group>"; };
		F97B63C51A592E5C00707719 /* Bill.m */ = {isa = PBXFileReference; fileEncoding = 4; lastKnownFileType = sourcecode.c.objc; path = Bill.m; sourceTree = "<group>"; };
		F97B63C71A593BBC00707719 /* WebService.h */ = {isa = PBXFileReference; fileEncoding = 4; lastKnownFileType = sourcecode.c.h; path = WebService.h; sourceTree = "<group>"; };
		F97B63C81A593BBC00707719 /* WebService.m */ = {isa = PBXFileReference; fileEncoding = 4; lastKnownFileType = sourcecode.c.objc; path = WebService.m; sourceTree = "<group>"; };
		F97B63CA1A5A786700707719 /* red.png */ = {isa = PBXFileReference; lastKnownFileType = image.png; path = red.png; sourceTree = "<group>"; };
		F97B63CC1A5A7A2500707719 /* ConfigurationViewController.h */ = {isa = PBXFileReference; fileEncoding = 4; lastKnownFileType = sourcecode.c.h; path = ConfigurationViewController.h; sourceTree = "<group>"; };
		F97B63CD1A5A7A2500707719 /* ConfigurationViewController.m */ = {isa = PBXFileReference; fileEncoding = 4; lastKnownFileType = sourcecode.c.objc; path = ConfigurationViewController.m; sourceTree = "<group>"; };
		F97B63CF1A5B2AED00707719 /* gray.png */ = {isa = PBXFileReference; lastKnownFileType = image.png; path = gray.png; sourceTree = "<group>"; };
		F97B63D11A5B4A5D00707719 /* website_link.png */ = {isa = PBXFileReference; lastKnownFileType = image.png; path = website_link.png; sourceTree = "<group>"; };
		F980DC841A4F57C8009C11C8 /* ConnectFailViewController.h */ = {isa = PBXFileReference; fileEncoding = 4; lastKnownFileType = sourcecode.c.h; path = ConnectFailViewController.h; sourceTree = "<group>"; };
		F980DC851A4F57C8009C11C8 /* ConnectFailViewController.m */ = {isa = PBXFileReference; fileEncoding = 4; lastKnownFileType = sourcecode.c.objc; path = ConnectFailViewController.m; sourceTree = "<group>"; };
		F98D69C91A608BC10099FB13 /* tryagain_button.jpg */ = {isa = PBXFileReference; lastKnownFileType = image.jpeg; path = tryagain_button.jpg; sourceTree = "<group>"; };
		F98D69DA1A60A9A00099FB13 /* newbill.png */ = {isa = PBXFileReference; lastKnownFileType = image.png; path = newbill.png; sourceTree = "<group>"; };
		F98D69DB1A60A9A00099FB13 /* newbill_selected.png */ = {isa = PBXFileReference; lastKnownFileType = image.png; path = newbill_selected.png; sourceTree = "<group>"; };
		F98D69DE1A60A9BD0099FB13 /* newgroup.png */ = {isa = PBXFileReference; lastKnownFileType = image.png; path = newgroup.png; sourceTree = "<group>"; };
		F98D69DF1A60A9BD0099FB13 /* newgroup_selected.png */ = {isa = PBXFileReference; lastKnownFileType = image.png; path = newgroup_selected.png; sourceTree = "<group>"; };
		F98D69E21A60AA520099FB13 /* configuration.png */ = {isa = PBXFileReference; lastKnownFileType = image.png; path = configuration.png; sourceTree = "<group>"; };
		F98D69E31A60AA520099FB13 /* configuration_selected.png */ = {isa = PBXFileReference; lastKnownFileType = image.png; path = configuration_selected.png; sourceTree = "<group>"; };
		F98D69E41A60AA520099FB13 /* home.png */ = {isa = PBXFileReference; lastKnownFileType = image.png; path = home.png; sourceTree = "<group>"; };
		F98D69E51A60AA520099FB13 /* home_selected.png */ = {isa = PBXFileReference; lastKnownFileType = image.png; path = home_selected.png; sourceTree = "<group>"; };
		F98E9A1A1A4A2F0600279FB0 /* User.h */ = {isa = PBXFileReference; fileEncoding = 4; lastKnownFileType = sourcecode.c.h; path = User.h; sourceTree = "<group>"; };
		F98E9A1B1A4A2F0600279FB0 /* User.m */ = {isa = PBXFileReference; fileEncoding = 4; lastKnownFileType = sourcecode.c.objc; path = User.m; sourceTree = "<group>"; };
		F98E9A1D1A4A49B800279FB0 /* Settings.h */ = {isa = PBXFileReference; fileEncoding = 4; lastKnownFileType = sourcecode.c.h; path = Settings.h; sourceTree = "<group>"; };
		F98E9A1E1A4A49B800279FB0 /* Settings.m */ = {isa = PBXFileReference; fileEncoding = 4; lastKnownFileType = sourcecode.c.objc; path = Settings.m; sourceTree = "<group>"; };
		F9B4614C1A5F5C690096D4C1 /* GroupViewController.h */ = {isa = PBXFileReference; fileEncoding = 4; lastKnownFileType = sourcecode.c.h; path = GroupViewController.h; sourceTree = "<group>"; };
		F9B4614D1A5F5C690096D4C1 /* GroupViewController.m */ = {isa = PBXFileReference; fileEncoding = 4; lastKnownFileType = sourcecode.c.objc; path = GroupViewController.m; sourceTree = "<group>"; };
		F9C644F31A77788E000EF59D /* NSString+FormValidation.h */ = {isa = PBXFileReference; fileEncoding = 4; lastKnownFileType = sourcecode.c.h; path = "NSString+FormValidation.h"; sourceTree = "<group>"; };
		F9C644F41A77788E000EF59D /* NSString+FormValidation.m */ = {isa = PBXFileReference; fileEncoding = 4; lastKnownFileType = sourcecode.c.objc; path = "NSString+FormValidation.m"; sourceTree = "<group>"; };
		F9CE4CB31A48CB5C00D9EB50 /* Moses.app */ = {isa = PBXFileReference; explicitFileType = wrapper.application; includeInIndex = 0; path = Moses.app; sourceTree = BUILT_PRODUCTS_DIR; };
		F9CE4CB71A48CB5C00D9EB50 /* Info.plist */ = {isa = PBXFileReference; lastKnownFileType = text.plist.xml; path = Info.plist; sourceTree = "<group>"; };
		F9CE4CB81A48CB5C00D9EB50 /* main.m */ = {isa = PBXFileReference; lastKnownFileType = sourcecode.c.objc; path = main.m; sourceTree = "<group>"; };
		F9CE4CC31A48CB5C00D9EB50 /* Images.xcassets */ = {isa = PBXFileReference; lastKnownFileType = folder.assetcatalog; path = Images.xcassets; sourceTree = "<group>"; };
		F9CE4CCC1A48CB5C00D9EB50 /* MosesTests.xctest */ = {isa = PBXFileReference; explicitFileType = wrapper.cfbundle; includeInIndex = 0; path = MosesTests.xctest; sourceTree = BUILT_PRODUCTS_DIR; };
		F9CE4CD11A48CB5C00D9EB50 /* Info.plist */ = {isa = PBXFileReference; lastKnownFileType = text.plist.xml; path = Info.plist; sourceTree = "<group>"; };
		F9CE4CD21A48CB5C00D9EB50 /* MosesTests.m */ = {isa = PBXFileReference; lastKnownFileType = sourcecode.c.objc; path = MosesTests.m; sourceTree = "<group>"; };
		F9CE4CE01A48CCA200D9EB50 /* AppDelegate.h */ = {isa = PBXFileReference; fileEncoding = 4; lastKnownFileType = sourcecode.c.h; path = AppDelegate.h; sourceTree = "<group>"; };
		F9CE4CE11A48CCA200D9EB50 /* AppDelegate.m */ = {isa = PBXFileReference; fileEncoding = 4; lastKnownFileType = sourcecode.c.objc; path = AppDelegate.m; sourceTree = "<group>"; };
		F9CE4CE21A48CCA200D9EB50 /* FBLoginViewController.h */ = {isa = PBXFileReference; fileEncoding = 4; lastKnownFileType = sourcecode.c.h; path = FBLoginViewController.h; sourceTree = "<group>"; };
		F9CE4CE31A48CCA200D9EB50 /* FBLoginViewController.m */ = {isa = PBXFileReference; fileEncoding = 4; lastKnownFileType = sourcecode.c.objc; path = FBLoginViewController.m; sourceTree = "<group>"; };
		F9CE4CE41A48CCA200D9EB50 /* PageContentViewController.h */ = {isa = PBXFileReference; fileEncoding = 4; lastKnownFileType = sourcecode.c.h; path = PageContentViewController.h; sourceTree = "<group>"; };
		F9CE4CE51A48CCA200D9EB50 /* PageContentViewController.m */ = {isa = PBXFileReference; fileEncoding = 4; lastKnownFileType = sourcecode.c.objc; path = PageContentViewController.m; sourceTree = "<group>"; };
		F9CE4D101A48CE0E00D9EB50 /* Main.storyboard */ = {isa = PBXFileReference; fileEncoding = 4; lastKnownFileType = file.storyboard; path = Main.storyboard; sourceTree = "<group>"; };
		F9CE4D131A48E62B00D9EB50 /* screen_login_iphone01.png */ = {isa = PBXFileReference; lastKnownFileType = image.png; path = screen_login_iphone01.png; sourceTree = "<group>"; };
		F9CE4D141A48E62B00D9EB50 /* screen_login_iphone02.png */ = {isa = PBXFileReference; lastKnownFileType = image.png; path = screen_login_iphone02.png; sourceTree = "<group>"; };
		F9CE4D151A48E62B00D9EB50 /* screen_login_iphone03.png */ = {isa = PBXFileReference; lastKnownFileType = image.png; path = screen_login_iphone03.png; sourceTree = "<group>"; };
		F9CE4D191A48EA6E00D9EB50 /* logo.png */ = {isa = PBXFileReference; lastKnownFileType = image.png; path = logo.png; sourceTree = "<group>"; };
		F9D078841A6334A800A6C221 /* BillViewController.h */ = {isa = PBXFileReference; fileEncoding = 4; lastKnownFileType = sourcecode.c.h; path = BillViewController.h; sourceTree = "<group>"; };
		F9D078851A6334A800A6C221 /* BillViewController.m */ = {isa = PBXFileReference; fileEncoding = 4; lastKnownFileType = sourcecode.c.objc; path = BillViewController.m; sourceTree = "<group>"; };
		F9F7B2211A6C336200994F22 /* FBFriendTableCell.h */ = {isa = PBXFileReference; fileEncoding = 4; lastKnownFileType = sourcecode.c.h; path = FBFriendTableCell.h; sourceTree = "<group>"; };
		F9F7B2221A6C336200994F22 /* FBFriendTableCell.m */ = {isa = PBXFileReference; fileEncoding = 4; lastKnownFileType = sourcecode.c.objc; path = FBFriendTableCell.m; sourceTree = "<group>"; };
/* End PBXFileReference section */

/* Begin PBXFrameworksBuildPhase section */
		F9CE4CB01A48CB5C00D9EB50 /* Frameworks */ = {
			isa = PBXFrameworksBuildPhase;
			buildActionMask = 2147483647;
			files = (
				6584726B1AB5807D00231F48 /* FacebookSDK.framework in Frameworks */,
			);
			runOnlyForDeploymentPostprocessing = 0;
		};
		F9CE4CC91A48CB5C00D9EB50 /* Frameworks */ = {
			isa = PBXFrameworksBuildPhase;
			buildActionMask = 2147483647;
			files = (
			);
			runOnlyForDeploymentPostprocessing = 0;
		};
/* End PBXFrameworksBuildPhase section */

/* Begin PBXGroup section */
		65110D5F1ABF57E00059C7F2 /* Pickers */ = {
			isa = PBXGroup;
			children = (
				65110D601ABF57E00059C7F2 /* AbstractActionSheetPicker.h */,
				65110D611ABF57E00059C7F2 /* AbstractActionSheetPicker.m */,
				65110D621ABF57E00059C7F2 /* ActionSheetCustomPicker.h */,
				65110D631ABF57E00059C7F2 /* ActionSheetCustomPicker.m */,
				65110D641ABF57E00059C7F2 /* ActionSheetCustomPickerDelegate.h */,
				65110D651ABF57E00059C7F2 /* ActionSheetDatePicker.h */,
				65110D661ABF57E00059C7F2 /* ActionSheetDatePicker.m */,
				65110D671ABF57E00059C7F2 /* ActionSheetDistancePicker.h */,
				65110D681ABF57E00059C7F2 /* ActionSheetDistancePicker.m */,
				65110D691ABF57E00059C7F2 /* ActionSheetLocalePicker.h */,
				65110D6A1ABF57E00059C7F2 /* ActionSheetLocalePicker.m */,
				65110D6B1ABF57E00059C7F2 /* ActionSheetPicker.h */,
				65110D6C1ABF57E00059C7F2 /* ActionSheetStringPicker.h */,
				65110D6D1ABF57E00059C7F2 /* ActionSheetStringPicker.m */,
				65110D6E1ABF57E00059C7F2 /* DistancePickerView.h */,
				65110D6F1ABF57E00059C7F2 /* DistancePickerView.m */,
				65110D701ABF57E00059C7F2 /* SWActionSheet.h */,
				65110D711ABF57E00059C7F2 /* SWActionSheet.m */,
			);
			path = Pickers;
			sourceTree = "<group>";
		};
		6532B8B71ABCDC6900800793 /* bill_view */ = {
			isa = PBXGroup;
			children = (
				65110D7F1ABFA8110059C7F2 /* upload_bill_picture.png */,
				6532B8B81ABCDC9C00800793 /* bill_standard.jpg */,
			);
			name = bill_view;
			sourceTree = "<group>";
		};
		F90659E01A6771230043AD9A /* group_view */ = {
			isa = PBXGroup;
			children = (
				65110D7D1ABFA8090059C7F2 /* upload_group_picture.png */,
				F930A79E1A6B8B3100EF7978 /* add_member.png */,
				F90659E31A679D770043AD9A /* profile_standard.jpg */,
			);
			name = group_view;
			sourceTree = "<group>";
		};
		F93E08801A4E14E200A6F6F4 /* tabbar_view */ = {
			isa = PBXGroup;
			children = (
				F98D69E21A60AA520099FB13 /* configuration.png */,
				F98D69E31A60AA520099FB13 /* configuration_selected.png */,
				F98D69E41A60AA520099FB13 /* home.png */,
				F98D69E51A60AA520099FB13 /* home_selected.png */,
				F98D69DE1A60A9BD0099FB13 /* newgroup.png */,
				F98D69DF1A60A9BD0099FB13 /* newgroup_selected.png */,
				F98D69DA1A60A9A00099FB13 /* newbill.png */,
				F98D69DB1A60A9A00099FB13 /* newbill_selected.png */,
			);
			name = tabbar_view;
			sourceTree = "<group>";
		};
		F977BBD71A5684C60039A132 /* slide_show */ = {
			isa = PBXGroup;
			children = (
				F9CE4D131A48E62B00D9EB50 /* screen_login_iphone01.png */,
				F9CE4D141A48E62B00D9EB50 /* screen_login_iphone02.png */,
				F9CE4D151A48E62B00D9EB50 /* screen_login_iphone03.png */,
			);
			name = slide_show;
			sourceTree = "<group>";
		};
		F97B63D31A5B4ADD00707719 /* home_view */ = {
			isa = PBXGroup;
			children = (
				F97B63CF1A5B2AED00707719 /* gray.png */,
				F97B63CA1A5A786700707719 /* red.png */,
				F977BBD81A5686770039A132 /* green.png */,
			);
			name = home_view;
			sourceTree = "<group>";
		};
		F97B63D41A5B524A00707719 /* configuration_view */ = {
			isa = PBXGroup;
			children = (
				F97B63D11A5B4A5D00707719 /* website_link.png */,
			);
			name = configuration_view;
			sourceTree = "<group>";
		};
		F97B63D51A5B527F00707719 /* navigation_view */ = {
			isa = PBXGroup;
			children = (
				F92507A01A4D447B002927B3 /* header.png */,
			);
			name = navigation_view;
			sourceTree = "<group>";
		};
		F98D69C61A6068710099FB13 /* connection_fail_view */ = {
			isa = PBXGroup;
			children = (
				F98D69C91A608BC10099FB13 /* tryagain_button.jpg */,
			);
			name = connection_fail_view;
			sourceTree = "<group>";
		};
		F9C644F21A777883000EF59D /* FormValidation */ = {
			isa = PBXGroup;
			children = (
				F9C644F31A77788E000EF59D /* NSString+FormValidation.h */,
				F9C644F41A77788E000EF59D /* NSString+FormValidation.m */,
			);
			name = FormValidation;
			sourceTree = "<group>";
		};
		F9CE4CAA1A48CB5C00D9EB50 = {
			isa = PBXGroup;
			children = (
				F9CE4CB51A48CB5C00D9EB50 /* Moses */,
				F9CE4CCF1A48CB5C00D9EB50 /* MosesTests */,
				F9CE4CB41A48CB5C00D9EB50 /* Products */,
				F9CE4CEB1A48CD3800D9EB50 /* Framework */,
			);
			sourceTree = "<group>";
		};
		F9CE4CB41A48CB5C00D9EB50 /* Products */ = {
			isa = PBXGroup;
			children = (
				F9CE4CB31A48CB5C00D9EB50 /* Moses.app */,
				F9CE4CCC1A48CB5C00D9EB50 /* MosesTests.xctest */,
			);
			name = Products;
			sourceTree = "<group>";
		};
		F9CE4CB51A48CB5C00D9EB50 /* Moses */ = {
			isa = PBXGroup;
			children = (
				F9CE4D121A48CE9F00D9EB50 /* Images */,
				F9F7B22D1A6C368A00994F22 /* Class */,
				F9F7B22F1A6C371700994F22 /* TabBar_Views */,
				F9F7B2261A6C341600994F22 /* Login_Views */,
				F9F7B2281A6C346C00994F22 /* Home_Views */,
				F9F7B2251A6C33E300994F22 /* Group_Views */,
				F9F7B2291A6C34EF00994F22 /* Bill_Views */,
				F9F7B22A1A6C351100994F22 /* Connection_Views */,
				F9F7B22B1A6C353F00994F22 /* Configuration_Views */,
				F9F7B2271A6C345900994F22 /* MB_Views */,
				F9CE4D101A48CE0E00D9EB50 /* Main.storyboard */,
				F9CE4CE01A48CCA200D9EB50 /* AppDelegate.h */,
				F9CE4CE11A48CCA200D9EB50 /* AppDelegate.m */,
				F9CE4CC31A48CB5C00D9EB50 /* Images.xcassets */,
				F9CE4CB61A48CB5C00D9EB50 /* Supporting Files */,
			);
			path = Moses;
			sourceTree = "<group>";
		};
		F9CE4CB61A48CB5C00D9EB50 /* Supporting Files */ = {
			isa = PBXGroup;
			children = (
				F9CE4CB71A48CB5C00D9EB50 /* Info.plist */,
				F9CE4CB81A48CB5C00D9EB50 /* main.m */,
			);
			name = "Supporting Files";
			sourceTree = "<group>";
		};
		F9CE4CCF1A48CB5C00D9EB50 /* MosesTests */ = {
			isa = PBXGroup;
			children = (
				F9CE4CD21A48CB5C00D9EB50 /* MosesTests.m */,
				F9CE4CD01A48CB5C00D9EB50 /* Supporting Files */,
			);
			path = MosesTests;
			sourceTree = "<group>";
		};
		F9CE4CD01A48CB5C00D9EB50 /* Supporting Files */ = {
			isa = PBXGroup;
			children = (
				F9CE4CD11A48CB5C00D9EB50 /* Info.plist */,
			);
			name = "Supporting Files";
			sourceTree = "<group>";
		};
		F9CE4CEB1A48CD3800D9EB50 /* Framework */ = {
			isa = PBXGroup;
			children = (
				6584726A1AB5807D00231F48 /* FacebookSDK.framework */,
			);
			name = Framework;
			sourceTree = "<group>";
		};
		F9CE4D121A48CE9F00D9EB50 /* Images */ = {
			isa = PBXGroup;
			children = (
				6532B8B71ABCDC6900800793 /* bill_view */,
				F90659E01A6771230043AD9A /* group_view */,
				F98D69C61A6068710099FB13 /* connection_fail_view */,
				F97B63D51A5B527F00707719 /* navigation_view */,
				F97B63D41A5B524A00707719 /* configuration_view */,
				F93E08801A4E14E200A6F6F4 /* tabbar_view */,
				F97B63D31A5B4ADD00707719 /* home_view */,
				F977BBD71A5684C60039A132 /* slide_show */,
				F9CE4D191A48EA6E00D9EB50 /* logo.png */,
			);
			name = Images;
			sourceTree = "<group>";
		};
		F9F7B2241A6C33B600994F22 /* DAO */ = {
			isa = PBXGroup;
			children = (
				6571BDB41AC3087E0004797E /* Currency.h */,
				6571BDB51AC3087E0004797E /* Currency.m */,
				F98E9A1A1A4A2F0600279FB0 /* User.h */,
				F98E9A1B1A4A2F0600279FB0 /* User.m */,
				F930A79B1A6B7A7500EF7978 /* FBFriend.h */,
				F930A79C1A6B7A7500EF7978 /* FBFriend.m */,
				F96F700B1A4F70D600D800C4 /* Group.h */,
				F96F700C1A4F70D600D800C4 /* Group.m */,
				F97B63C41A592E5C00707719 /* Bill.h */,
				F97B63C51A592E5C00707719 /* Bill.m */,
			);
			name = DAO;
			sourceTree = "<group>";
		};
		F9F7B2251A6C33E300994F22 /* Group_Views */ = {
			isa = PBXGroup;
			children = (
				F9B4614C1A5F5C690096D4C1 /* GroupViewController.h */,
				F9B4614D1A5F5C690096D4C1 /* GroupViewController.m */,
				F90659E51A68129E0043AD9A /* GroupTableCell.h */,
				F90659E61A68129E0043AD9A /* GroupTableCell.m */,
				F930A7A01A6B9B7300EF7978 /* FBFriendTableViewController.h */,
				F930A7A11A6B9B7300EF7978 /* FBFriendTableViewController.m */,
				F9F7B2211A6C336200994F22 /* FBFriendTableCell.h */,
				F9F7B2221A6C336200994F22 /* FBFriendTableCell.m */,
			);
			name = Group_Views;
			sourceTree = "<group>";
		};
		F9F7B2261A6C341600994F22 /* Login_Views */ = {
			isa = PBXGroup;
			children = (
				F9CE4CE21A48CCA200D9EB50 /* FBLoginViewController.h */,
				F9CE4CE31A48CCA200D9EB50 /* FBLoginViewController.m */,
				F9CE4CE41A48CCA200D9EB50 /* PageContentViewController.h */,
				F9CE4CE51A48CCA200D9EB50 /* PageContentViewController.m */,
			);
			name = Login_Views;
			sourceTree = "<group>";
		};
		F9F7B2271A6C345900994F22 /* MB_Views */ = {
			isa = PBXGroup;
			children = (
				F97B63BF1A58E7DC00707719 /* MBProgressHUD.h */,
				F97B63C01A58E7DC00707719 /* MBProgressHUD.m */,
			);
			name = MB_Views;
			sourceTree = "<group>";
		};
		F9F7B2281A6C346C00994F22 /* Home_Views */ = {
			isa = PBXGroup;
			children = (
				F925079D1A4C9281002927B3 /* HomeTableViewController.h */,
				F925079E1A4C9281002927B3 /* HomeTableViewController.m */,
				F977BBCD1A53ACBF0039A132 /* HomeTableCell.h */,
				F977BBCE1A53ACBF0039A132 /* HomeTableCell.m */,
			);
			name = Home_Views;
			sourceTree = "<group>";
		};
		F9F7B2291A6C34EF00994F22 /* Bill_Views */ = {
			isa = PBXGroup;
			children = (
				F9D078841A6334A800A6C221 /* BillViewController.h */,
				F9D078851A6334A800A6C221 /* BillViewController.m */,
				65110D7A1ABF75630059C7F2 /* BillTableCell.h */,
				65110D7B1ABF75630059C7F2 /* BillTableCell.m */,
			);
			name = Bill_Views;
			sourceTree = "<group>";
		};
		F9F7B22A1A6C351100994F22 /* Connection_Views */ = {
			isa = PBXGroup;
			children = (
				F980DC841A4F57C8009C11C8 /* ConnectFailViewController.h */,
				F980DC851A4F57C8009C11C8 /* ConnectFailViewController.m */,
			);
			name = Connection_Views;
			sourceTree = "<group>";
		};
		F9F7B22B1A6C353F00994F22 /* Configuration_Views */ = {
			isa = PBXGroup;
			children = (
				F97B63CC1A5A7A2500707719 /* ConfigurationViewController.h */,
				F97B63CD1A5A7A2500707719 /* ConfigurationViewController.m */,
			);
			name = Configuration_Views;
			sourceTree = "<group>";
		};
		F9F7B22C1A6C356D00994F22 /* Settings */ = {
			isa = PBXGroup;
			children = (
				F98E9A1D1A4A49B800279FB0 /* Settings.h */,
				F98E9A1E1A4A49B800279FB0 /* Settings.m */,
			);
			name = Settings;
			sourceTree = "<group>";
		};
		F9F7B22D1A6C368A00994F22 /* Class */ = {
			isa = PBXGroup;
			children = (
				65110D5F1ABF57E00059C7F2 /* Pickers */,
				F9C644F21A777883000EF59D /* FormValidation */,
				F9F7B22C1A6C356D00994F22 /* Settings */,
				F9F7B22E1A6C36AA00994F22 /* WebService */,
				F9F7B2241A6C33B600994F22 /* DAO */,
			);
			name = Class;
			sourceTree = "<group>";
		};
		F9F7B22E1A6C36AA00994F22 /* WebService */ = {
			isa = PBXGroup;
			children = (
				F97B63C71A593BBC00707719 /* WebService.h */,
				F97B63C81A593BBC00707719 /* WebService.m */,
			);
			name = WebService;
			sourceTree = "<group>";
		};
		F9F7B22F1A6C371700994F22 /* TabBar_Views */ = {
			isa = PBXGroup;
			children = (
				F93E08911A4E1BC900A6F6F4 /* TabBarController.h */,
				F93E08921A4E1BC900A6F6F4 /* TabBarController.m */,
			);
			name = TabBar_Views;
			sourceTree = "<group>";
		};
/* End PBXGroup section */

/* Begin PBXNativeTarget section */
		F9CE4CB21A48CB5C00D9EB50 /* Moses */ = {
			isa = PBXNativeTarget;
			buildConfigurationList = F9CE4CD61A48CB5C00D9EB50 /* Build configuration list for PBXNativeTarget "Moses" */;
			buildPhases = (
				F9CE4CAF1A48CB5C00D9EB50 /* Sources */,
				F9CE4CB01A48CB5C00D9EB50 /* Frameworks */,
				F9CE4CB11A48CB5C00D9EB50 /* Resources */,
			);
			buildRules = (
			);
			dependencies = (
			);
			name = Moses;
			productName = Moses;
			productReference = F9CE4CB31A48CB5C00D9EB50 /* Moses.app */;
			productType = "com.apple.product-type.application";
		};
		F9CE4CCB1A48CB5C00D9EB50 /* MosesTests */ = {
			isa = PBXNativeTarget;
			buildConfigurationList = F9CE4CD91A48CB5C00D9EB50 /* Build configuration list for PBXNativeTarget "MosesTests" */;
			buildPhases = (
				F9CE4CC81A48CB5C00D9EB50 /* Sources */,
				F9CE4CC91A48CB5C00D9EB50 /* Frameworks */,
				F9CE4CCA1A48CB5C00D9EB50 /* Resources */,
			);
			buildRules = (
			);
			dependencies = (
				F9CE4CCE1A48CB5C00D9EB50 /* PBXTargetDependency */,
			);
			name = MosesTests;
			productName = MosesTests;
			productReference = F9CE4CCC1A48CB5C00D9EB50 /* MosesTests.xctest */;
			productType = "com.apple.product-type.bundle.unit-test";
		};
/* End PBXNativeTarget section */

/* Begin PBXProject section */
		F9CE4CAB1A48CB5C00D9EB50 /* Project object */ = {
			isa = PBXProject;
			attributes = {
				LastUpgradeCheck = 0620;
				ORGANIZATIONNAME = Moses;
				TargetAttributes = {
					F9CE4CB21A48CB5C00D9EB50 = {
						CreatedOnToolsVersion = 6.2;
						DevelopmentTeam = H7B2Y92A4K;
					};
					F9CE4CCB1A48CB5C00D9EB50 = {
						CreatedOnToolsVersion = 6.2;
						TestTargetID = F9CE4CB21A48CB5C00D9EB50;
					};
				};
			};
			buildConfigurationList = F9CE4CAE1A48CB5C00D9EB50 /* Build configuration list for PBXProject "Moses" */;
			compatibilityVersion = "Xcode 3.2";
			developmentRegion = English;
			hasScannedForEncodings = 0;
			knownRegions = (
				en,
				Base,
			);
			mainGroup = F9CE4CAA1A48CB5C00D9EB50;
			productRefGroup = F9CE4CB41A48CB5C00D9EB50 /* Products */;
			projectDirPath = "";
			projectRoot = "";
			targets = (
				F9CE4CB21A48CB5C00D9EB50 /* Moses */,
				F9CE4CCB1A48CB5C00D9EB50 /* MosesTests */,
			);
		};
/* End PBXProject section */

/* Begin PBXResourcesBuildPhase section */
		F9CE4CB11A48CB5C00D9EB50 /* Resources */ = {
			isa = PBXResourcesBuildPhase;
			buildActionMask = 2147483647;
			files = (
				F98D69E01A60A9BD0099FB13 /* newgroup.png in Resources */,
				F977BBD91A5686770039A132 /* green.png in Resources */,
				F9CE4D181A48E62B00D9EB50 /* screen_login_iphone03.png in Resources */,
				F98D69E81A60AA520099FB13 /* home.png in Resources */,
				6532B8B91ABCDC9C00800793 /* bill_standard.jpg in Resources */,
				F90659E41A679D770043AD9A /* profile_standard.jpg in Resources */,
				F98D69CA1A608BC10099FB13 /* tryagain_button.jpg in Resources */,
				65110D7E1ABFA8090059C7F2 /* upload_group_picture.png in Resources */,
				F9CE4D161A48E62B00D9EB50 /* screen_login_iphone01.png in Resources */,
				F98D69DC1A60A9A00099FB13 /* newbill.png in Resources */,
				65110D801ABFA8110059C7F2 /* upload_bill_picture.png in Resources */,
				F98D69E11A60A9BD0099FB13 /* newgroup_selected.png in Resources */,
				F98D69E61A60AA520099FB13 /* configuration.png in Resources */,
				F9CE4D1A1A48EA6E00D9EB50 /* logo.png in Resources */,
				F97B63D21A5B4A5D00707719 /* website_link.png in Resources */,
				F9CE4D111A48CE0E00D9EB50 /* Main.storyboard in Resources */,
				F9CE4D171A48E62B00D9EB50 /* screen_login_iphone02.png in Resources */,
				F930A79F1A6B8B3100EF7978 /* add_member.png in Resources */,
				F92507A11A4D447B002927B3 /* header.png in Resources */,
				F98D69DD1A60A9A00099FB13 /* newbill_selected.png in Resources */,
				F97B63D01A5B2AED00707719 /* gray.png in Resources */,
				F98D69E71A60AA520099FB13 /* configuration_selected.png in Resources */,
				F9CE4CC41A48CB5C00D9EB50 /* Images.xcassets in Resources */,
				F97B63CB1A5A786700707719 /* red.png in Resources */,
				F98D69E91A60AA520099FB13 /* home_selected.png in Resources */,
			);
			runOnlyForDeploymentPostprocessing = 0;
		};
		F9CE4CCA1A48CB5C00D9EB50 /* Resources */ = {
			isa = PBXResourcesBuildPhase;
			buildActionMask = 2147483647;
			files = (
			);
			runOnlyForDeploymentPostprocessing = 0;
		};
/* End PBXResourcesBuildPhase section */

/* Begin PBXSourcesBuildPhase section */
		F9CE4CAF1A48CB5C00D9EB50 /* Sources */ = {
			isa = PBXSourcesBuildPhase;
			buildActionMask = 2147483647;
			files = (
				F9D078861A6334A800A6C221 /* BillViewController.m in Sources */,
				65110D741ABF57E00059C7F2 /* ActionSheetDatePicker.m in Sources */,
				F97B63C61A592E5C00707719 /* Bill.m in Sources */,
				F977BBCF1A53ACBF0039A132 /* HomeTableCell.m in Sources */,
				65110D771ABF57E00059C7F2 /* ActionSheetStringPicker.m in Sources */,
				65110D791ABF57E00059C7F2 /* SWActionSheet.m in Sources */,
				F90659E71A68129E0043AD9A /* GroupTableCell.m in Sources */,
				65110D781ABF57E00059C7F2 /* DistancePickerView.m in Sources */,
				F98E9A1C1A4A2F0600279FB0 /* User.m in Sources */,
				65110D761ABF57E00059C7F2 /* ActionSheetLocalePicker.m in Sources */,
				F9CE4CE81A48CCA200D9EB50 /* AppDelegate.m in Sources */,
				F98E9A1F1A4A49B800279FB0 /* Settings.m in Sources */,
				F930A79D1A6B7A7500EF7978 /* FBFriend.m in Sources */,
				F93E08931A4E1BC900A6F6F4 /* TabBarController.m in Sources */,
				F9CE4CB91A48CB5C00D9EB50 /* main.m in Sources */,
				F925079F1A4C9281002927B3 /* HomeTableViewController.m in Sources */,
				6571BDB61AC3087E0004797E /* Currency.m in Sources */,
				F97B63C91A593BBC00707719 /* WebService.m in Sources */,
				F97B63C11A58E7DC00707719 /* MBProgressHUD.m in Sources */,
				F980DC861A4F57C8009C11C8 /* ConnectFailViewController.m in Sources */,
				F96F700D1A4F70D600D800C4 /* Group.m in Sources */,
				F930A7A21A6B9B7300EF7978 /* FBFriendTableViewController.m in Sources */,
				F9B4614E1A5F5C690096D4C1 /* GroupViewController.m in Sources */,
				65110D721ABF57E00059C7F2 /* AbstractActionSheetPicker.m in Sources */,
				F9CE4CE91A48CCA200D9EB50 /* FBLoginViewController.m in Sources */,
				F9CE4CEA1A48CCA200D9EB50 /* PageContentViewController.m in Sources */,
				65110D731ABF57E00059C7F2 /* ActionSheetCustomPicker.m in Sources */,
				F97B63CE1A5A7A2500707719 /* ConfigurationViewController.m in Sources */,
				F9C644F51A77788E000EF59D /* NSString+FormValidation.m in Sources */,
				65110D751ABF57E00059C7F2 /* ActionSheetDistancePicker.m in Sources */,
				F9F7B2231A6C336200994F22 /* FBFriendTableCell.m in Sources */,
				65110D7C1ABF75630059C7F2 /* BillTableCell.m in Sources */,
			);
			runOnlyForDeploymentPostprocessing = 0;
		};
		F9CE4CC81A48CB5C00D9EB50 /* Sources */ = {
			isa = PBXSourcesBuildPhase;
			buildActionMask = 2147483647;
			files = (
				F9CE4CD31A48CB5C00D9EB50 /* MosesTests.m in Sources */,
			);
			runOnlyForDeploymentPostprocessing = 0;
		};
/* End PBXSourcesBuildPhase section */

/* Begin PBXTargetDependency section */
		F9CE4CCE1A48CB5C00D9EB50 /* PBXTargetDependency */ = {
			isa = PBXTargetDependency;
			target = F9CE4CB21A48CB5C00D9EB50 /* Moses */;
			targetProxy = F9CE4CCD1A48CB5C00D9EB50 /* PBXContainerItemProxy */;
		};
/* End PBXTargetDependency section */

/* Begin XCBuildConfiguration section */
		F9CE4CD41A48CB5C00D9EB50 /* Debug */ = {
			isa = XCBuildConfiguration;
			buildSettings = {
				ALWAYS_SEARCH_USER_PATHS = NO;
				CLANG_CXX_LANGUAGE_STANDARD = "gnu++0x";
				CLANG_CXX_LIBRARY = "libc++";
				CLANG_ENABLE_MODULES = YES;
				CLANG_ENABLE_OBJC_ARC = YES;
				CLANG_WARN_BOOL_CONVERSION = YES;
				CLANG_WARN_CONSTANT_CONVERSION = YES;
				CLANG_WARN_DIRECT_OBJC_ISA_USAGE = YES_ERROR;
				CLANG_WARN_EMPTY_BODY = YES;
				CLANG_WARN_ENUM_CONVERSION = YES;
				CLANG_WARN_INT_CONVERSION = YES;
				CLANG_WARN_OBJC_ROOT_CLASS = YES_ERROR;
				CLANG_WARN_UNREACHABLE_CODE = YES;
				CLANG_WARN__DUPLICATE_METHOD_MATCH = YES;
				"CODE_SIGN_IDENTITY[sdk=iphoneos*]" = "iPhone Developer";
				COPY_PHASE_STRIP = NO;
				ENABLE_STRICT_OBJC_MSGSEND = YES;
				GCC_C_LANGUAGE_STANDARD = gnu99;
				GCC_DYNAMIC_NO_PIC = NO;
				GCC_OPTIMIZATION_LEVEL = 0;
				GCC_PREPROCESSOR_DEFINITIONS = (
					"DEBUG=1",
					"$(inherited)",
				);
				GCC_SYMBOLS_PRIVATE_EXTERN = NO;
				GCC_WARN_64_TO_32_BIT_CONVERSION = YES;
				GCC_WARN_ABOUT_RETURN_TYPE = YES_ERROR;
				GCC_WARN_UNDECLARED_SELECTOR = YES;
				GCC_WARN_UNINITIALIZED_AUTOS = YES_AGGRESSIVE;
				GCC_WARN_UNUSED_FUNCTION = YES;
				GCC_WARN_UNUSED_VARIABLE = YES;
				IPHONEOS_DEPLOYMENT_TARGET = 8.2;
				MTL_ENABLE_DEBUG_INFO = YES;
				ONLY_ACTIVE_ARCH = NO;
				SDKROOT = iphoneos;
				TARGETED_DEVICE_FAMILY = "1,2";
			};
			name = Debug;
		};
		F9CE4CD51A48CB5C00D9EB50 /* Release */ = {
			isa = XCBuildConfiguration;
			buildSettings = {
				ALWAYS_SEARCH_USER_PATHS = NO;
				CLANG_CXX_LANGUAGE_STANDARD = "gnu++0x";
				CLANG_CXX_LIBRARY = "libc++";
				CLANG_ENABLE_MODULES = YES;
				CLANG_ENABLE_OBJC_ARC = YES;
				CLANG_WARN_BOOL_CONVERSION = YES;
				CLANG_WARN_CONSTANT_CONVERSION = YES;
				CLANG_WARN_DIRECT_OBJC_ISA_USAGE = YES_ERROR;
				CLANG_WARN_EMPTY_BODY = YES;
				CLANG_WARN_ENUM_CONVERSION = YES;
				CLANG_WARN_INT_CONVERSION = YES;
				CLANG_WARN_OBJC_ROOT_CLASS = YES_ERROR;
				CLANG_WARN_UNREACHABLE_CODE = YES;
				CLANG_WARN__DUPLICATE_METHOD_MATCH = YES;
				"CODE_SIGN_IDENTITY[sdk=iphoneos*]" = "iPhone Developer";
				COPY_PHASE_STRIP = YES;
				ENABLE_NS_ASSERTIONS = NO;
				ENABLE_STRICT_OBJC_MSGSEND = YES;
				GCC_C_LANGUAGE_STANDARD = gnu99;
				GCC_WARN_64_TO_32_BIT_CONVERSION = YES;
				GCC_WARN_ABOUT_RETURN_TYPE = YES_ERROR;
				GCC_WARN_UNDECLARED_SELECTOR = YES;
				GCC_WARN_UNINITIALIZED_AUTOS = YES_AGGRESSIVE;
				GCC_WARN_UNUSED_FUNCTION = YES;
				GCC_WARN_UNUSED_VARIABLE = YES;
				IPHONEOS_DEPLOYMENT_TARGET = 8.2;
				MTL_ENABLE_DEBUG_INFO = NO;
				ONLY_ACTIVE_ARCH = NO;
				SDKROOT = iphoneos;
				TARGETED_DEVICE_FAMILY = "1,2";
				VALIDATE_PRODUCT = YES;
			};
			name = Release;
		};
		F9CE4CD71A48CB5C00D9EB50 /* Debug */ = {
			isa = XCBuildConfiguration;
			buildSettings = {
				ASSETCATALOG_COMPILER_APPICON_NAME = AppIcon;
				ASSETCATALOG_COMPILER_LAUNCHIMAGE_NAME = LaunchImage;
				CODE_SIGN_IDENTITY = "iPhone Developer";
				"CODE_SIGN_IDENTITY[sdk=iphoneos*]" = "iPhone Developer";
				FRAMEWORK_SEARCH_PATHS = (
					"$(inherited)",
					/Users/daniel/Documents/FacebookSDK,
					/Users/daniel/Documents/FacebookSDK,
				);
				INFOPLIST_FILE = Moses/Info.plist;
				IPHONEOS_DEPLOYMENT_TARGET = 7.0;
				LD_RUNPATH_SEARCH_PATHS = "$(inherited) @executable_path/Frameworks";
				PRODUCT_NAME = "$(TARGET_NAME)";
				PROVISIONING_PROFILE = "";
				TARGETED_DEVICE_FAMILY = "1,2";
			};
			name = Debug;
		};
		F9CE4CD81A48CB5C00D9EB50 /* Release */ = {
			isa = XCBuildConfiguration;
			buildSettings = {
				ASSETCATALOG_COMPILER_APPICON_NAME = AppIcon;
				ASSETCATALOG_COMPILER_LAUNCHIMAGE_NAME = LaunchImage;
				CODE_SIGN_IDENTITY = "iPhone Developer";
				"CODE_SIGN_IDENTITY[sdk=iphoneos*]" = "iPhone Developer";
				FRAMEWORK_SEARCH_PATHS = (
					"$(inherited)",
					/Users/daniel/Documents/FacebookSDK,
					/Users/daniel/Documents/FacebookSDK,
				);
				INFOPLIST_FILE = Moses/Info.plist;
				IPHONEOS_DEPLOYMENT_TARGET = 7.0;
				LD_RUNPATH_SEARCH_PATHS = "$(inherited) @executable_path/Frameworks";
				PRODUCT_NAME = "$(TARGET_NAME)";
				PROVISIONING_PROFILE = "";
				TARGETED_DEVICE_FAMILY = "1,2";
			};
			name = Release;
		};
		F9CE4CDA1A48CB5C00D9EB50 /* Debug */ = {
			isa = XCBuildConfiguration;
			buildSettings = {
				BUNDLE_LOADER = "$(TEST_HOST)";
				FRAMEWORK_SEARCH_PATHS = (
					"$(SDKROOT)/Developer/Library/Frameworks",
					"$(inherited)",
				);
				GCC_PREPROCESSOR_DEFINITIONS = (
					"DEBUG=1",
					"$(inherited)",
				);
				INFOPLIST_FILE = MosesTests/Info.plist;
				IPHONEOS_DEPLOYMENT_TARGET = 8.1;
				LD_RUNPATH_SEARCH_PATHS = "$(inherited) @executable_path/Frameworks @loader_path/Frameworks";
				PRODUCT_NAME = "$(TARGET_NAME)";
				TEST_HOST = "$(BUILT_PRODUCTS_DIR)/Moses.app/Moses";
			};
			name = Debug;
		};
		F9CE4CDB1A48CB5C00D9EB50 /* Release */ = {
			isa = XCBuildConfiguration;
			buildSettings = {
				BUNDLE_LOADER = "$(TEST_HOST)";
				FRAMEWORK_SEARCH_PATHS = (
					"$(SDKROOT)/Developer/Library/Frameworks",
					"$(inherited)",
				);
				INFOPLIST_FILE = MosesTests/Info.plist;
				IPHONEOS_DEPLOYMENT_TARGET = 8.1;
				LD_RUNPATH_SEARCH_PATHS = "$(inherited) @executable_path/Frameworks @loader_path/Frameworks";
				PRODUCT_NAME = "$(TARGET_NAME)";
				TEST_HOST = "$(BUILT_PRODUCTS_DIR)/Moses.app/Moses";
			};
			name = Release;
		};
/* End XCBuildConfiguration section */

/* Begin XCConfigurationList section */
		F9CE4CAE1A48CB5C00D9EB50 /* Build configuration list for PBXProject "Moses" */ = {
			isa = XCConfigurationList;
			buildConfigurations = (
				F9CE4CD41A48CB5C00D9EB50 /* Debug */,
				F9CE4CD51A48CB5C00D9EB50 /* Release */,
			);
			defaultConfigurationIsVisible = 0;
			defaultConfigurationName = Release;
		};
		F9CE4CD61A48CB5C00D9EB50 /* Build configuration list for PBXNativeTarget "Moses" */ = {
			isa = XCConfigurationList;
			buildConfigurations = (
				F9CE4CD71A48CB5C00D9EB50 /* Debug */,
				F9CE4CD81A48CB5C00D9EB50 /* Release */,
			);
			defaultConfigurationIsVisible = 0;
			defaultConfigurationName = Release;
		};
		F9CE4CD91A48CB5C00D9EB50 /* Build configuration list for PBXNativeTarget "MosesTests" */ = {
			isa = XCConfigurationList;
			buildConfigurations = (
				F9CE4CDA1A48CB5C00D9EB50 /* Debug */,
				F9CE4CDB1A48CB5C00D9EB50 /* Release */,
			);
			defaultConfigurationIsVisible = 0;
			defaultConfigurationName = Release;
		};
/* End XCConfigurationList section */
	};
	rootObject = F9CE4CAB1A48CB5C00D9EB50 /* Project object */;
}
